
Microsoft Visual Studio Solution File, Format Version 12.00
# Visual Studio Version 17
VisualStudioVersion = 17.1.31911.260
MinimumVisualStudioVersion = 10.0.40219.1
Project("{9A19103F-16F7-4668-BE54-9A1E7A4F7556}") = "AoC2021_01", "AoC2021_01\AoC2021_01.csproj", "{59C9E8C6-DCB9-4A5B-B990-FCEA6E19AE24}"
EndProject
Project("{9A19103F-16F7-4668-BE54-9A1E7A4F7556}") = "Aoc2021_02", "Aoc2021_02\Aoc2021_02.csproj", "{DCD8DE92-20B6-4A3F-B226-38CE75C3FC92}"
EndProject
Project("{9A19103F-16F7-4668-BE54-9A1E7A4F7556}") = "Aoc2021_03", "Aoc2021_03\Aoc2021_03.csproj", "{3D00476D-F2B7-4E4C-AB3B-7E78B9828C10}"
EndProject
Project("{9A19103F-16F7-4668-BE54-9A1E7A4F7556}") = "AoC2021_04", "AoC2021_04\AoC2021_04.csproj", "{D47CC3CF-2C8F-4919-8C72-A66591BA7D1E}"
EndProject
Project("{9A19103F-16F7-4668-BE54-9A1E7A4F7556}") = "AoC2021_05", "AoC2021_05\AoC2021_05.csproj", "{B6C37880-2918-42B2-BFAE-1F74C54D0A0D}"
EndProject
Project("{9A19103F-16F7-4668-BE54-9A1E7A4F7556}") = "AoC2021_06", "AoC2021_06\AoC2021_06.csproj", "{BC0FDDD4-BB0B-4ED8-98EE-26671F2FA97D}"
EndProject
Project("{9A19103F-16F7-4668-BE54-9A1E7A4F7556}") = "AoC2021_07", "AoC2021_07\AoC2021_07.csproj", "{249399DF-CC6A-4A25-B5F7-DAF68A4A8A90}"
EndProject
Project("{FAE04EC0-301F-11D3-BF4B-00C04F79EFBC}") = "AoC2021_08", "AoC2021_08\AoC2021_08.csproj", "{CDBC582E-D5F5-4A81-A559-FEC5EADDD311}"
EndProject
Project("{FAE04EC0-301F-11D3-BF4B-00C04F79EFBC}") = "AoC2021_09", "AoC2021_09\AoC2021_09.csproj", "{FB1C369C-5E20-4332-8806-8E9847814F3B}"
EndProject
Global
	GlobalSection(SolutionConfigurationPlatforms) = preSolution
		Debug|Any CPU = Debug|Any CPU
		Release|Any CPU = Release|Any CPU
	EndGlobalSection
	GlobalSection(ProjectConfigurationPlatforms) = postSolution
		{59C9E8C6-DCB9-4A5B-B990-FCEA6E19AE24}.Debug|Any CPU.ActiveCfg = Debug|Any CPU
		{59C9E8C6-DCB9-4A5B-B990-FCEA6E19AE24}.Debug|Any CPU.Build.0 = Debug|Any CPU
		{59C9E8C6-DCB9-4A5B-B990-FCEA6E19AE24}.Release|Any CPU.ActiveCfg = Release|Any CPU
		{59C9E8C6-DCB9-4A5B-B990-FCEA6E19AE24}.Release|Any CPU.Build.0 = Release|Any CPU
		{DCD8DE92-20B6-4A3F-B226-38CE75C3FC92}.Debug|Any CPU.ActiveCfg = Debug|Any CPU
		{DCD8DE92-20B6-4A3F-B226-38CE75C3FC92}.Debug|Any CPU.Build.0 = Debug|Any CPU
		{DCD8DE92-20B6-4A3F-B226-38CE75C3FC92}.Release|Any CPU.ActiveCfg = Release|Any CPU
		{DCD8DE92-20B6-4A3F-B226-38CE75C3FC92}.Release|Any CPU.Build.0 = Release|Any CPU
		{3D00476D-F2B7-4E4C-AB3B-7E78B9828C10}.Debug|Any CPU.ActiveCfg = Debug|Any CPU
		{3D00476D-F2B7-4E4C-AB3B-7E78B9828C10}.Debug|Any CPU.Build.0 = Debug|Any CPU
		{3D00476D-F2B7-4E4C-AB3B-7E78B9828C10}.Release|Any CPU.ActiveCfg = Release|Any CPU
		{3D00476D-F2B7-4E4C-AB3B-7E78B9828C10}.Release|Any CPU.Build.0 = Release|Any CPU
		{D47CC3CF-2C8F-4919-8C72-A66591BA7D1E}.Debug|Any CPU.ActiveCfg = Debug|Any CPU
		{D47CC3CF-2C8F-4919-8C72-A66591BA7D1E}.Debug|Any CPU.Build.0 = Debug|Any CPU
		{D47CC3CF-2C8F-4919-8C72-A66591BA7D1E}.Release|Any CPU.ActiveCfg = Release|Any CPU
		{D47CC3CF-2C8F-4919-8C72-A66591BA7D1E}.Release|Any CPU.Build.0 = Release|Any CPU
		{B6C37880-2918-42B2-BFAE-1F74C54D0A0D}.Debug|Any CPU.ActiveCfg = Debug|Any CPU
		{B6C37880-2918-42B2-BFAE-1F74C54D0A0D}.Debug|Any CPU.Build.0 = Debug|Any CPU
		{B6C37880-2918-42B2-BFAE-1F74C54D0A0D}.Release|Any CPU.ActiveCfg = Release|Any CPU
		{B6C37880-2918-42B2-BFAE-1F74C54D0A0D}.Release|Any CPU.Build.0 = Release|Any CPU
		{BC0FDDD4-BB0B-4ED8-98EE-26671F2FA97D}.Debug|Any CPU.ActiveCfg = Debug|Any CPU
		{BC0FDDD4-BB0B-4ED8-98EE-26671F2FA97D}.Debug|Any CPU.Build.0 = Debug|Any CPU
		{BC0FDDD4-BB0B-4ED8-98EE-26671F2FA97D}.Release|Any CPU.ActiveCfg = Release|Any CPU
		{BC0FDDD4-BB0B-4ED8-98EE-26671F2FA97D}.Release|Any CPU.Build.0 = Release|Any CPU
		{249399DF-CC6A-4A25-B5F7-DAF68A4A8A90}.Debug|Any CPU.ActiveCfg = Debug|Any CPU
		{249399DF-CC6A-4A25-B5F7-DAF68A4A8A90}.Debug|Any CPU.Build.0 = Debug|Any CPU
		{249399DF-CC6A-4A25-B5F7-DAF68A4A8A90}.Release|Any CPU.ActiveCfg = Release|Any CPU
		{249399DF-CC6A-4A25-B5F7-DAF68A4A8A90}.Release|Any CPU.Build.0 = Release|Any CPU
		{CDBC582E-D5F5-4A81-A559-FEC5EADDD311}.Debug|Any CPU.ActiveCfg = Debug|Any CPU
		{CDBC582E-D5F5-4A81-A559-FEC5EADDD311}.Debug|Any CPU.Build.0 = Debug|Any CPU
		{CDBC582E-D5F5-4A81-A559-FEC5EADDD311}.Release|Any CPU.ActiveCfg = Release|Any CPU
		{CDBC582E-D5F5-4A81-A559-FEC5EADDD311}.Release|Any CPU.Build.0 = Release|Any CPU
		{FB1C369C-5E20-4332-8806-8E9847814F3B}.Debug|Any CPU.ActiveCfg = Debug|Any CPU
		{FB1C369C-5E20-4332-8806-8E9847814F3B}.Debug|Any CPU.Build.0 = Debug|Any CPU
		{FB1C369C-5E20-4332-8806-8E9847814F3B}.Release|Any CPU.ActiveCfg = Release|Any CPU
		{FB1C369C-5E20-4332-8806-8E9847814F3B}.Release|Any CPU.Build.0 = Release|Any CPU
	EndGlobalSection
	GlobalSection(SolutionProperties) = preSolution
		HideSolutionNode = FALSE
	EndGlobalSection
	GlobalSection(ExtensibilityGlobals) = postSolution
		SolutionGuid = {2A86EC76-E35D-4AC5-9A4F-7936F9F5626A}
	EndGlobalSection
EndGlobal
